
Microsoft Visual Studio Solution File, Format Version 12.00
# Visual Studio 14
VisualStudioVersion = 14.0.25420.1
MinimumVisualStudioVersion = 10.0.40219.1
Project("{F2A71F9B-5D33-465A-A702-920D77279786}") = "XamarinApp", "XamarinApp\XamarinApp.fsproj", "{E320FB13-C952-42DC-904A-2FDC3BA9600C}"
EndProject
Project("{FAE04EC0-301F-11D3-BF4B-00C04F79EFBC}") = "XamarinApp.UWP", "XamarinApp.UWP\XamarinApp.UWP.csproj", "{D4BC9DA6-ACBC-443C-9D46-459060DA9F93}"
EndProject
Project("{FAE04EC0-301F-11D3-BF4B-00C04F79EFBC}") = "XamarinApp.WinApp", "XamarinApp.WinApp\XamarinApp.WinApp.csproj", "{6EA95F4A-02B3-4016-A2BE-3DB67B6EBD26}"
EndProject
Project("{FAE04EC0-301F-11D3-BF4B-00C04F79EFBC}") = "XamarinApp.WinPhone", "XamarinApp.WinPhone\XamarinApp.WinPhone.csproj", "{CFC89CC2-0934-46C2-8D8E-217FAD0EEBBB}"
EndProject
Project("{FAE04EC0-301F-11D3-BF4B-00C04F79EFBC}") = "XamarinApp.WinPhone81", "XamarinApp.WinPhone81\XamarinApp.WinPhone81.csproj", "{6FC8D19B-2820-4B0B-A55C-EE5857E72E99}"
EndProject
Project("{F2A71F9B-5D33-465A-A702-920D77279786}") = "WindowsApp.WPF", "WPF\WindowsApp.WPF.fsproj", "{59635027-5D4A-42D3-83D8-D74542061F86}"
EndProject
Project("{F2A71F9B-5D33-465A-A702-920D77279786}") = "UI", "UI\UI.fsproj", "{1B6D10F6-F8DA-4FAD-AF9C-EA34E62F9F8D}"
EndProject
Global
	GlobalSection(SolutionConfigurationPlatforms) = preSolution
		Debug|Any CPU = Debug|Any CPU
		Debug|ARM = Debug|ARM
		Debug|x64 = Debug|x64
		Debug|x86 = Debug|x86
		Release|Any CPU = Release|Any CPU
		Release|ARM = Release|ARM
		Release|x64 = Release|x64
		Release|x86 = Release|x86
	EndGlobalSection
	GlobalSection(ProjectConfigurationPlatforms) = postSolution
		{E320FB13-C952-42DC-904A-2FDC3BA9600C}.Debug|Any CPU.ActiveCfg = Debug|Any CPU
		{E320FB13-C952-42DC-904A-2FDC3BA9600C}.Debug|Any CPU.Build.0 = Debug|Any CPU
		{E320FB13-C952-42DC-904A-2FDC3BA9600C}.Debug|ARM.ActiveCfg = Debug|Any CPU
		{E320FB13-C952-42DC-904A-2FDC3BA9600C}.Debug|ARM.Build.0 = Debug|Any CPU
		{E320FB13-C952-42DC-904A-2FDC3BA9600C}.Debug|x64.ActiveCfg = Debug|Any CPU
		{E320FB13-C952-42DC-904A-2FDC3BA9600C}.Debug|x64.Build.0 = Debug|Any CPU
		{E320FB13-C952-42DC-904A-2FDC3BA9600C}.Debug|x86.ActiveCfg = Debug|Any CPU
		{E320FB13-C952-42DC-904A-2FDC3BA9600C}.Debug|x86.Build.0 = Debug|Any CPU
		{E320FB13-C952-42DC-904A-2FDC3BA9600C}.Release|Any CPU.ActiveCfg = Release|Any CPU
		{E320FB13-C952-42DC-904A-2FDC3BA9600C}.Release|Any CPU.Build.0 = Release|Any CPU
		{E320FB13-C952-42DC-904A-2FDC3BA9600C}.Release|ARM.ActiveCfg = Release|Any CPU
		{E320FB13-C952-42DC-904A-2FDC3BA9600C}.Release|ARM.Build.0 = Release|Any CPU
		{E320FB13-C952-42DC-904A-2FDC3BA9600C}.Release|x64.ActiveCfg = Release|Any CPU
		{E320FB13-C952-42DC-904A-2FDC3BA9600C}.Release|x64.Build.0 = Release|Any CPU
		{E320FB13-C952-42DC-904A-2FDC3BA9600C}.Release|x86.ActiveCfg = Release|Any CPU
		{E320FB13-C952-42DC-904A-2FDC3BA9600C}.Release|x86.Build.0 = Release|Any CPU
		{D4BC9DA6-ACBC-443C-9D46-459060DA9F93}.Debug|Any CPU.ActiveCfg = Debug|x86
		{D4BC9DA6-ACBC-443C-9D46-459060DA9F93}.Debug|ARM.ActiveCfg = Debug|ARM
		{D4BC9DA6-ACBC-443C-9D46-459060DA9F93}.Debug|ARM.Build.0 = Debug|ARM
		{D4BC9DA6-ACBC-443C-9D46-459060DA9F93}.Debug|ARM.Deploy.0 = Debug|ARM
		{D4BC9DA6-ACBC-443C-9D46-459060DA9F93}.Debug|x64.ActiveCfg = Debug|x64
		{D4BC9DA6-ACBC-443C-9D46-459060DA9F93}.Debug|x64.Build.0 = Debug|x64
		{D4BC9DA6-ACBC-443C-9D46-459060DA9F93}.Debug|x64.Deploy.0 = Debug|x64
		{D4BC9DA6-ACBC-443C-9D46-459060DA9F93}.Debug|x86.ActiveCfg = Debug|x86
		{D4BC9DA6-ACBC-443C-9D46-459060DA9F93}.Debug|x86.Build.0 = Debug|x86
		{D4BC9DA6-ACBC-443C-9D46-459060DA9F93}.Debug|x86.Deploy.0 = Debug|x86
		{D4BC9DA6-ACBC-443C-9D46-459060DA9F93}.Release|Any CPU.ActiveCfg = Release|x86
		{D4BC9DA6-ACBC-443C-9D46-459060DA9F93}.Release|ARM.ActiveCfg = Release|ARM
		{D4BC9DA6-ACBC-443C-9D46-459060DA9F93}.Release|ARM.Build.0 = Release|ARM
		{D4BC9DA6-ACBC-443C-9D46-459060DA9F93}.Release|ARM.Deploy.0 = Release|ARM
		{D4BC9DA6-ACBC-443C-9D46-459060DA9F93}.Release|x64.ActiveCfg = Release|x64
		{D4BC9DA6-ACBC-443C-9D46-459060DA9F93}.Release|x64.Build.0 = Release|x64
		{D4BC9DA6-ACBC-443C-9D46-459060DA9F93}.Release|x64.Deploy.0 = Release|x64
		{D4BC9DA6-ACBC-443C-9D46-459060DA9F93}.Release|x86.ActiveCfg = Release|x86
		{D4BC9DA6-ACBC-443C-9D46-459060DA9F93}.Release|x86.Build.0 = Release|x86
		{D4BC9DA6-ACBC-443C-9D46-459060DA9F93}.Release|x86.Deploy.0 = Release|x86
		{6EA95F4A-02B3-4016-A2BE-3DB67B6EBD26}.Debug|Any CPU.ActiveCfg = Debug|Any CPU
		{6EA95F4A-02B3-4016-A2BE-3DB67B6EBD26}.Debug|Any CPU.Build.0 = Debug|Any CPU
		{6EA95F4A-02B3-4016-A2BE-3DB67B6EBD26}.Debug|Any CPU.Deploy.0 = Debug|Any CPU
		{6EA95F4A-02B3-4016-A2BE-3DB67B6EBD26}.Debug|ARM.ActiveCfg = Debug|ARM
		{6EA95F4A-02B3-4016-A2BE-3DB67B6EBD26}.Debug|ARM.Build.0 = Debug|ARM
		{6EA95F4A-02B3-4016-A2BE-3DB67B6EBD26}.Debug|ARM.Deploy.0 = Debug|ARM
		{6EA95F4A-02B3-4016-A2BE-3DB67B6EBD26}.Debug|x64.ActiveCfg = Debug|x64
		{6EA95F4A-02B3-4016-A2BE-3DB67B6EBD26}.Debug|x64.Build.0 = Debug|x64
		{6EA95F4A-02B3-4016-A2BE-3DB67B6EBD26}.Debug|x64.Deploy.0 = Debug|x64
		{6EA95F4A-02B3-4016-A2BE-3DB67B6EBD26}.Debug|x86.ActiveCfg = Debug|x86
		{6EA95F4A-02B3-4016-A2BE-3DB67B6EBD26}.Debug|x86.Build.0 = Debug|x86
		{6EA95F4A-02B3-4016-A2BE-3DB67B6EBD26}.Debug|x86.Deploy.0 = Debug|x86
		{6EA95F4A-02B3-4016-A2BE-3DB67B6EBD26}.Release|Any CPU.ActiveCfg = Release|Any CPU
		{6EA95F4A-02B3-4016-A2BE-3DB67B6EBD26}.Release|Any CPU.Build.0 = Release|Any CPU
		{6EA95F4A-02B3-4016-A2BE-3DB67B6EBD26}.Release|Any CPU.Deploy.0 = Release|Any CPU
		{6EA95F4A-02B3-4016-A2BE-3DB67B6EBD26}.Release|ARM.ActiveCfg = Release|ARM
		{6EA95F4A-02B3-4016-A2BE-3DB67B6EBD26}.Release|ARM.Build.0 = Release|ARM
		{6EA95F4A-02B3-4016-A2BE-3DB67B6EBD26}.Release|ARM.Deploy.0 = Release|ARM
		{6EA95F4A-02B3-4016-A2BE-3DB67B6EBD26}.Release|x64.ActiveCfg = Release|x64
		{6EA95F4A-02B3-4016-A2BE-3DB67B6EBD26}.Release|x64.Build.0 = Release|x64
		{6EA95F4A-02B3-4016-A2BE-3DB67B6EBD26}.Release|x64.Deploy.0 = Release|x64
		{6EA95F4A-02B3-4016-A2BE-3DB67B6EBD26}.Release|x86.ActiveCfg = Release|x86
		{6EA95F4A-02B3-4016-A2BE-3DB67B6EBD26}.Release|x86.Build.0 = Release|x86
		{6EA95F4A-02B3-4016-A2BE-3DB67B6EBD26}.Release|x86.Deploy.0 = Release|x86
		{CFC89CC2-0934-46C2-8D8E-217FAD0EEBBB}.Debug|Any CPU.ActiveCfg = Debug|Any CPU
		{CFC89CC2-0934-46C2-8D8E-217FAD0EEBBB}.Debug|Any CPU.Build.0 = Debug|Any CPU
		{CFC89CC2-0934-46C2-8D8E-217FAD0EEBBB}.Debug|Any CPU.Deploy.0 = Debug|Any CPU
		{CFC89CC2-0934-46C2-8D8E-217FAD0EEBBB}.Debug|ARM.ActiveCfg = Debug|ARM
		{CFC89CC2-0934-46C2-8D8E-217FAD0EEBBB}.Debug|ARM.Build.0 = Debug|ARM
		{CFC89CC2-0934-46C2-8D8E-217FAD0EEBBB}.Debug|ARM.Deploy.0 = Debug|ARM
		{CFC89CC2-0934-46C2-8D8E-217FAD0EEBBB}.Debug|x64.ActiveCfg = Debug|Any CPU
		{CFC89CC2-0934-46C2-8D8E-217FAD0EEBBB}.Debug|x64.Build.0 = Debug|Any CPU
		{CFC89CC2-0934-46C2-8D8E-217FAD0EEBBB}.Debug|x64.Deploy.0 = Debug|Any CPU
		{CFC89CC2-0934-46C2-8D8E-217FAD0EEBBB}.Debug|x86.ActiveCfg = Debug|x86
		{CFC89CC2-0934-46C2-8D8E-217FAD0EEBBB}.Debug|x86.Build.0 = Debug|x86
		{CFC89CC2-0934-46C2-8D8E-217FAD0EEBBB}.Debug|x86.Deploy.0 = Debug|x86
		{CFC89CC2-0934-46C2-8D8E-217FAD0EEBBB}.Release|Any CPU.ActiveCfg = Release|Any CPU
		{CFC89CC2-0934-46C2-8D8E-217FAD0EEBBB}.Release|Any CPU.Build.0 = Release|Any CPU
		{CFC89CC2-0934-46C2-8D8E-217FAD0EEBBB}.Release|Any CPU.Deploy.0 = Release|Any CPU
		{CFC89CC2-0934-46C2-8D8E-217FAD0EEBBB}.Release|ARM.ActiveCfg = Release|ARM
		{CFC89CC2-0934-46C2-8D8E-217FAD0EEBBB}.Release|ARM.Build.0 = Release|ARM
		{CFC89CC2-0934-46C2-8D8E-217FAD0EEBBB}.Release|ARM.Deploy.0 = Release|ARM
		{CFC89CC2-0934-46C2-8D8E-217FAD0EEBBB}.Release|x64.ActiveCfg = Release|Any CPU
		{CFC89CC2-0934-46C2-8D8E-217FAD0EEBBB}.Release|x64.Build.0 = Release|Any CPU
		{CFC89CC2-0934-46C2-8D8E-217FAD0EEBBB}.Release|x64.Deploy.0 = Release|Any CPU
		{CFC89CC2-0934-46C2-8D8E-217FAD0EEBBB}.Release|x86.ActiveCfg = Release|x86
		{CFC89CC2-0934-46C2-8D8E-217FAD0EEBBB}.Release|x86.Build.0 = Release|x86
		{CFC89CC2-0934-46C2-8D8E-217FAD0EEBBB}.Release|x86.Deploy.0 = Release|x86
		{6FC8D19B-2820-4B0B-A55C-EE5857E72E99}.Debug|Any CPU.ActiveCfg = Debug|Any CPU
		{6FC8D19B-2820-4B0B-A55C-EE5857E72E99}.Debug|Any CPU.Build.0 = Debug|Any CPU
		{6FC8D19B-2820-4B0B-A55C-EE5857E72E99}.Debug|Any CPU.Deploy.0 = Debug|Any CPU
		{6FC8D19B-2820-4B0B-A55C-EE5857E72E99}.Debug|ARM.ActiveCfg = Debug|ARM
		{6FC8D19B-2820-4B0B-A55C-EE5857E72E99}.Debug|ARM.Build.0 = Debug|ARM
		{6FC8D19B-2820-4B0B-A55C-EE5857E72E99}.Debug|ARM.Deploy.0 = Debug|ARM
		{6FC8D19B-2820-4B0B-A55C-EE5857E72E99}.Debug|x64.ActiveCfg = Debug|Any CPU
		{6FC8D19B-2820-4B0B-A55C-EE5857E72E99}.Debug|x64.Build.0 = Debug|Any CPU
		{6FC8D19B-2820-4B0B-A55C-EE5857E72E99}.Debug|x64.Deploy.0 = Debug|Any CPU
		{6FC8D19B-2820-4B0B-A55C-EE5857E72E99}.Debug|x86.ActiveCfg = Debug|x86
		{6FC8D19B-2820-4B0B-A55C-EE5857E72E99}.Debug|x86.Build.0 = Debug|x86
		{6FC8D19B-2820-4B0B-A55C-EE5857E72E99}.Debug|x86.Deploy.0 = Debug|x86
		{6FC8D19B-2820-4B0B-A55C-EE5857E72E99}.Release|Any CPU.ActiveCfg = Release|Any CPU
		{6FC8D19B-2820-4B0B-A55C-EE5857E72E99}.Release|Any CPU.Build.0 = Release|Any CPU
		{6FC8D19B-2820-4B0B-A55C-EE5857E72E99}.Release|Any CPU.Deploy.0 = Release|Any CPU
		{6FC8D19B-2820-4B0B-A55C-EE5857E72E99}.Release|ARM.ActiveCfg = Release|ARM
		{6FC8D19B-2820-4B0B-A55C-EE5857E72E99}.Release|ARM.Build.0 = Release|ARM
		{6FC8D19B-2820-4B0B-A55C-EE5857E72E99}.Release|ARM.Deploy.0 = Release|ARM
		{6FC8D19B-2820-4B0B-A55C-EE5857E72E99}.Release|x64.ActiveCfg = Release|Any CPU
		{6FC8D19B-2820-4B0B-A55C-EE5857E72E99}.Release|x64.Build.0 = Release|Any CPU
		{6FC8D19B-2820-4B0B-A55C-EE5857E72E99}.Release|x64.Deploy.0 = Release|Any CPU
		{6FC8D19B-2820-4B0B-A55C-EE5857E72E99}.Release|x86.ActiveCfg = Release|x86
		{6FC8D19B-2820-4B0B-A55C-EE5857E72E99}.Release|x86.Build.0 = Release|x86
		{6FC8D19B-2820-4B0B-A55C-EE5857E72E99}.Release|x86.Deploy.0 = Release|x86
		{59635027-5D4A-42D3-83D8-D74542061F86}.Debug|Any CPU.ActiveCfg = Debug|Any CPU
		{59635027-5D4A-42D3-83D8-D74542061F86}.Debug|Any CPU.Build.0 = Debug|Any CPU
		{59635027-5D4A-42D3-83D8-D74542061F86}.Debug|ARM.ActiveCfg = Debug|Any CPU
		{59635027-5D4A-42D3-83D8-D74542061F86}.Debug|ARM.Build.0 = Debug|Any CPU
		{59635027-5D4A-42D3-83D8-D74542061F86}.Debug|x64.ActiveCfg = Debug|Any CPU
		{59635027-5D4A-42D3-83D8-D74542061F86}.Debug|x64.Build.0 = Debug|Any CPU
		{59635027-5D4A-42D3-83D8-D74542061F86}.Debug|x86.ActiveCfg = Debug|Any CPU
		{59635027-5D4A-42D3-83D8-D74542061F86}.Debug|x86.Build.0 = Debug|Any CPU
		{59635027-5D4A-42D3-83D8-D74542061F86}.Release|Any CPU.ActiveCfg = Release|Any CPU
		{59635027-5D4A-42D3-83D8-D74542061F86}.Release|Any CPU.Build.0 = Release|Any CPU
		{59635027-5D4A-42D3-83D8-D74542061F86}.Release|ARM.ActiveCfg = Release|Any CPU
		{59635027-5D4A-42D3-83D8-D74542061F86}.Release|ARM.Build.0 = Release|Any CPU
		{59635027-5D4A-42D3-83D8-D74542061F86}.Release|x64.ActiveCfg = Release|Any CPU
		{59635027-5D4A-42D3-83D8-D74542061F86}.Release|x64.Build.0 = Release|Any CPU
		{59635027-5D4A-42D3-83D8-D74542061F86}.Release|x86.ActiveCfg = Release|Any CPU
		{59635027-5D4A-42D3-83D8-D74542061F86}.Release|x86.Build.0 = Release|Any CPU
		{1B6D10F6-F8DA-4FAD-AF9C-EA34E62F9F8D}.Debug|Any CPU.ActiveCfg = Debug|Any CPU
		{1B6D10F6-F8DA-4FAD-AF9C-EA34E62F9F8D}.Debug|Any CPU.Build.0 = Debug|Any CPU
		{1B6D10F6-F8DA-4FAD-AF9C-EA34E62F9F8D}.Debug|ARM.ActiveCfg = Debug|Any CPU
		{1B6D10F6-F8DA-4FAD-AF9C-EA34E62F9F8D}.Debug|ARM.Build.0 = Debug|Any CPU
		{1B6D10F6-F8DA-4FAD-AF9C-EA34E62F9F8D}.Debug|x64.ActiveCfg = Debug|Any CPU
		{1B6D10F6-F8DA-4FAD-AF9C-EA34E62F9F8D}.Debug|x64.Build.0 = Debug|Any CPU
		{1B6D10F6-F8DA-4FAD-AF9C-EA34E62F9F8D}.Debug|x86.ActiveCfg = Debug|Any CPU
		{1B6D10F6-F8DA-4FAD-AF9C-EA34E62F9F8D}.Debug|x86.Build.0 = Debug|Any CPU
		{1B6D10F6-F8DA-4FAD-AF9C-EA34E62F9F8D}.Release|Any CPU.ActiveCfg = Release|Any CPU
		{1B6D10F6-F8DA-4FAD-AF9C-EA34E62F9F8D}.Release|Any CPU.Build.0 = Release|Any CPU
		{1B6D10F6-F8DA-4FAD-AF9C-EA34E62F9F8D}.Release|ARM.ActiveCfg = Release|Any CPU
		{1B6D10F6-F8DA-4FAD-AF9C-EA34E62F9F8D}.Release|ARM.Build.0 = Release|Any CPU
		{1B6D10F6-F8DA-4FAD-AF9C-EA34E62F9F8D}.Release|x64.ActiveCfg = Release|Any CPU
		{1B6D10F6-F8DA-4FAD-AF9C-EA34E62F9F8D}.Release|x64.Build.0 = Release|Any CPU
		{1B6D10F6-F8DA-4FAD-AF9C-EA34E62F9F8D}.Release|x86.ActiveCfg = Release|Any CPU
		{1B6D10F6-F8DA-4FAD-AF9C-EA34E62F9F8D}.Release|x86.Build.0 = Release|Any CPU
	EndGlobalSection
	GlobalSection(SolutionProperties) = preSolution
		HideSolutionNode = FALSE
	EndGlobalSection
EndGlobal
